
Microsoft Visual Studio Solution File, Format Version 11.00
# Visual Studio 2010
Project("{FAE04EC0-301F-11D3-BF4B-00C04F79EFBC}") = "KeePass.IO", "KeePass.IO\KeePass.IO.csproj", "{3BC6B06B-0B8D-4E34-BF60-C026C4252E7B}"
EndProject
Project("{FAE04EC0-301F-11D3-BF4B-00C04F79EFBC}") = "KeePass", "KeePass\KeePass.csproj", "{37AFBD4F-8D32-4CDF-B01E-D60848AB1E90}"
EndProject
Global
	GlobalSection(SolutionConfigurationPlatforms) = preSolution
		Debug|x86 = Debug|x86
		Free|x86 = Free|x86
		Paid|x86 = Paid|x86
	EndGlobalSection
	GlobalSection(ProjectConfigurationPlatforms) = postSolution
		{3BC6B06B-0B8D-4E34-BF60-C026C4252E7B}.Debug|x86.ActiveCfg = Debug|x86
		{3BC6B06B-0B8D-4E34-BF60-C026C4252E7B}.Debug|x86.Build.0 = Debug|x86
		{3BC6B06B-0B8D-4E34-BF60-C026C4252E7B}.Free|x86.ActiveCfg = Release|x86
		{3BC6B06B-0B8D-4E34-BF60-C026C4252E7B}.Free|x86.Build.0 = Release|x86
		{3BC6B06B-0B8D-4E34-BF60-C026C4252E7B}.Paid|x86.ActiveCfg = Release|x86
		{3BC6B06B-0B8D-4E34-BF60-C026C4252E7B}.Paid|x86.Build.0 = Release|x86
		{37AFBD4F-8D32-4CDF-B01E-D60848AB1E90}.Debug|x86.ActiveCfg = Debug|x86
		{37AFBD4F-8D32-4CDF-B01E-D60848AB1E90}.Debug|x86.Build.0 = Debug|x86
		{37AFBD4F-8D32-4CDF-B01E-D60848AB1E90}.Debug|x86.Deploy.0 = Debug|x86
		{37AFBD4F-8D32-4CDF-B01E-D60848AB1E90}.Free|x86.ActiveCfg = Free|x86
		{37AFBD4F-8D32-4CDF-B01E-D60848AB1E90}.Free|x86.Build.0 = Free|x86
		{37AFBD4F-8D32-4CDF-B01E-D60848AB1E90}.Free|x86.Deploy.0 = Free|x86
		{37AFBD4F-8D32-4CDF-B01E-D60848AB1E90}.Paid|x86.ActiveCfg = Paid|x86
		{37AFBD4F-8D32-4CDF-B01E-D60848AB1E90}.Paid|x86.Build.0 = Paid|x86
		{37AFBD4F-8D32-4CDF-B01E-D60848AB1E90}.Paid|x86.Deploy.0 = Paid|x86
	EndGlobalSection
	GlobalSection(SolutionProperties) = preSolution
		HideSolutionNode = FALSE
	EndGlobalSection
EndGlobal
